
Microsoft Visual Studio Solution File, Format Version 12.00
# Visual Studio Version 17
VisualStudioVersion = 17.14.36511.14
MinimumVisualStudioVersion = 10.0.40219.1
Project("{2150E333-8FDC-42A3-9474-1A3956D46DE8}") = "Task0", "Task0", "{02EA681E-C7D8-13C7-8484-4AC65E1B71E8}"
EndProject
Project("{FAE04EC0-301F-11D3-BF4B-00C04F79EFBC}") = "Tyuiu.KarnaukhovDA.Sprint0.Task0.V0", "Tyuiu.KarnaukhovDA.Sprint0.Task0.V0\Tyuiu.KarnaukhovDA.Sprint0.Task0.V0.csproj", "{D23C41D0-AD5C-43C5-8908-475A6BC60618}"
EndProject
Project("{2150E333-8FDC-42A3-9474-1A3956D46DE8}") = "Task1", "Task1", "{AF901AEC-2CB7-4BFF-A426-3EF47670B4EB}"
EndProject
Project("{FAE04EC0-301F-11D3-BF4B-00C04F79EFBC}") = "Tyuiu.KarnaukhovDA.Sprint0.Task1.V0", "Tyuiu.KarnaukhovDA.Sprint0.Task1.V0\Tyuiu.KarnaukhovDA.Sprint0.Task1.V0.csproj", "{E44C056D-0F17-4D50-BE95-4FE7107952F2}"
EndProject
Project("{2150E333-8FDC-42A3-9474-1A3956D46DE8}") = "Task2", "Task2", "{AC9793C5-9FD6-4475-9B66-CE151DF6D77F}"
EndProject
Project("{FAE04EC0-301F-11D3-BF4B-00C04F79EFBC}") = "Tyuiu.KarnaukhovDA.Sprint0.Task2.V0", "Tyuiu.KarnaukhovDA.Sprint0.Task2.V0\Tyuiu.KarnaukhovDA.Sprint0.Task2.V0.csproj", "{719718D8-7C8A-41DE-A86A-57CD0BF12734}"
EndProject
Project("{FAE04EC0-301F-11D3-BF4B-00C04F79EFBC}") = "Tyuiu.KarnaukhovDA.Sprint0.Task2.V0.Lib", "Tyuiu.KarnaukhovDA.Sprint0.Task2.V0.Lib\Tyuiu.KarnaukhovDA.Sprint0.Task2.V0.Lib.csproj", "{9CF84A3A-42AE-409D-B0C0-2AA922850714}"
EndProject
Project("{FAE04EC0-301F-11D3-BF4B-00C04F79EFBC}") = "Tyuiu.KarnaukhovDA.Sprint0.Task2.V0.Test", "Tyuiu.KarnaukhovDA.Sprint0.Task2.V0.Test\Tyuiu.KarnaukhovDA.Sprint0.Task2.V0.Test.csproj", "{1D684B7F-939E-40D8-BE7F-AC1F6DF1EC3F}"
EndProject
Project("{2150E333-8FDC-42A3-9474-1A3956D46DE8}") = "Task3", "Task3", "{4E37AC38-D577-4752-BFF4-754A03BD61AB}"
EndProject
Project("{FAE04EC0-301F-11D3-BF4B-00C04F79EFBC}") = "Tyuiu.KarnaukhovDA.Sprint0.Task3.V0", "Tyuiu.KarnaukhovDA.Sprint0.Task3.V0\Tyuiu.KarnaukhovDA.Sprint0.Task3.V0.csproj", "{D86F9228-010A-4EFF-87F4-AE71E6EE69AA}"
EndProject
Project("{FAE04EC0-301F-11D3-BF4B-00C04F79EFBC}") = "Tyuiu.KarnaukhovDA.Sprint0.Task3.V0.Lib", "Tyuiu.KarnaukhovDA.Sprint0.Task3.V0.Lib\Tyuiu.KarnaukhovDA.Sprint0.Task3.V0.Lib.csproj", "{D2A7CA10-E129-4808-AA1E-F14E29986522}"
EndProject
Project("{FAE04EC0-301F-11D3-BF4B-00C04F79EFBC}") = "Tyuiu.KarnaukhovDA.Sprint0.Task3.V0.Test", "Tyuiu.KarnaukhovDA.Sprint0.Task3.V0.Test\Tyuiu.KarnaukhovDA.Sprint0.Task3.V0.Test.csproj", "{5ECBC1C8-710D-4EF9-AC40-16767E016BEA}"
EndProject
Project("{2150E333-8FDC-42A3-9474-1A3956D46DE8}") = "Task4", "Task4", "{551F02A8-3BE7-412B-92D7-F981E592EE84}"
EndProject
Project("{FAE04EC0-301F-11D3-BF4B-00C04F79EFBC}") = "Tyuiu.KarnaukhovDA.Sprint0.Task4.V0", "Tyuiu.KarnaukhovDA.Sprint0.Task4.V0\Tyuiu.KarnaukhovDA.Sprint0.Task4.V0.csproj", "{BEA69981-CB21-45F7-BF2C-5DFE7A3CA733}"
EndProject
Project("{FAE04EC0-301F-11D3-BF4B-00C04F79EFBC}") = "Tyuiu.KarnaukhovDA.Sprint0.Task4.V0.Lib", "Tyuiu.KarnaukhovDA.Sprint0.Task4.V0.Lib\Tyuiu.KarnaukhovDA.Sprint0.Task4.V0.Lib.csproj", "{538E01F0-363E-4C91-8137-94BCAF424B1B}"
EndProject
Project("{FAE04EC0-301F-11D3-BF4B-00C04F79EFBC}") = "Tyuiu.KarnaukhovDA.Sprint0.Task4.V0.Test", "Tyuiu.KarnaukhovDA.Sprint0.Task4.V0.Test\Tyuiu.KarnaukhovDA.Sprint0.Task4.V0.Test.csproj", "{3858E905-8B38-4047-91E3-5062FF3C1D5C}"
EndProject
Project("{2150E333-8FDC-42A3-9474-1A3956D46DE8}") = "Task5", "Task5", "{FB5C39BA-298B-4D1A-8F47-D4424B7AD6C1}"
EndProject
Project("{FAE04EC0-301F-11D3-BF4B-00C04F79EFBC}") = "Tyuiu.KarnaukhovDA.Sprint0.Task5.V0", "Tyuiu.KarnaukhovDA.Sprint0.Task5.V0\Tyuiu.KarnaukhovDA.Sprint0.Task5.V0.csproj", "{E8C55E89-5188-41B9-90AC-5BD723DADEE9}"
EndProject
Project("{FAE04EC0-301F-11D3-BF4B-00C04F79EFBC}") = "Tyuiu.KarnaukhovDA.Sprint0.Task5.V0.Lib", "Tyuiu.KarnaukhovDA.Sprint0.Task5.V0.Lib\Tyuiu.KarnaukhovDA.Sprint0.Task5.V0.Lib.csproj", "{4319BF15-1627-4E46-BC53-3EDB00138760}"
EndProject
Project("{FAE04EC0-301F-11D3-BF4B-00C04F79EFBC}") = "Tyuiu.KarnaukhovDA.Sprint0.Task5.V0.Test", "Tyuiu.KarnaukhovDA.Sprint0.Task5.V0.Test\Tyuiu.KarnaukhovDA.Sprint0.Task5.V0.Test.csproj", "{7F6AB382-77CE-44AB-B7F0-8CF272571715}"
EndProject
Project("{2150E333-8FDC-42A3-9474-1A3956D46DE8}") = "Task6", "Task6", "{A1DE3CB2-62D0-4FB8-8725-5C2E70A87AD8}"
EndProject
Project("{FAE04EC0-301F-11D3-BF4B-00C04F79EFBC}") = "Tyuiu.KarnaukhovDA.Sprint0.Task6.V0", "Tyuiu.KarnaukhovDA.Sprint0.Task6.V0\Tyuiu.KarnaukhovDA.Sprint0.Task6.V0.csproj", "{F072076F-EE03-43EA-8D64-E89F79922E5B}"
EndProject
Project("{FAE04EC0-301F-11D3-BF4B-00C04F79EFBC}") = "Tyuiu.KarnaukhovDA.Sprint0.Task6.V0.Lib", "Tyuiu.KarnaukhovDA.Sprint0.Task6.V0.Lib\Tyuiu.KarnaukhovDA.Sprint0.Task6.V0.Lib.csproj", "{6C968CA8-E7F8-4F12-B0E9-411A7BDD1AAF}"
EndProject
Project("{FAE04EC0-301F-11D3-BF4B-00C04F79EFBC}") = "Tyuiu.KarnaukhovDA.Sprint0.Task6.V0.Test", "Tyuiu.KarnaukhovDA.Sprint0.Task6.V0.Test\Tyuiu.KarnaukhovDA.Sprint0.Task6.V0.Test.csproj", "{BFCBC03E-0B69-4C4D-BE69-FDA8C679B471}"
EndProject
Project("{2150E333-8FDC-42A3-9474-1A3956D46DE8}") = "Task7", "Task7", "{19A0A29F-CFB6-4A55-B351-274E3E852127}"
EndProject
Project("{FAE04EC0-301F-11D3-BF4B-00C04F79EFBC}") = "Tyuiu.KarnaukhovDA.Sprint0.Task7.V0", "Tyuiu.KarnaukhovDA.Sprint0.Task7.V0\Tyuiu.KarnaukhovDA.Sprint0.Task7.V0.csproj", "{DC9AFF0B-1075-4A62-8725-8B74FEF27307}"
EndProject
Project("{FAE04EC0-301F-11D3-BF4B-00C04F79EFBC}") = "Tyuiu.KarnaukhovDA.Sprint0.Task7.V0.Lib", "Tyuiu.KarnaukhovDA.Sprint0.Task7.V0.Lib\Tyuiu.KarnaukhovDA.Sprint0.Task7.V0.Lib.csproj", "{4BBBFAE5-9185-4B28-99E4-82B4C4AC44A1}"
EndProject
Project("{FAE04EC0-301F-11D3-BF4B-00C04F79EFBC}") = "Tyuiu.KarnaukhovDA.Sprint0.Task7.V0.Test", "Tyuiu.KarnaukhovDA.Sprint0.Task7.V0.Test\Tyuiu.KarnaukhovDA.Sprint0.Task7.V0.Test.csproj", "{5AAA3F6B-36CF-4A35-A97C-F8FF4148912B}"
EndProject
Global
	GlobalSection(SolutionConfigurationPlatforms) = preSolution
		Debug|Any CPU = Debug|Any CPU
		Release|Any CPU = Release|Any CPU
	EndGlobalSection
	GlobalSection(ProjectConfigurationPlatforms) = postSolution
		{D23C41D0-AD5C-43C5-8908-475A6BC60618}.Debug|Any CPU.ActiveCfg = Debug|Any CPU
		{D23C41D0-AD5C-43C5-8908-475A6BC60618}.Debug|Any CPU.Build.0 = Debug|Any CPU
		{D23C41D0-AD5C-43C5-8908-475A6BC60618}.Release|Any CPU.ActiveCfg = Release|Any CPU
		{D23C41D0-AD5C-43C5-8908-475A6BC60618}.Release|Any CPU.Build.0 = Release|Any CPU
		{E44C056D-0F17-4D50-BE95-4FE7107952F2}.Debug|Any CPU.ActiveCfg = Debug|Any CPU
		{E44C056D-0F17-4D50-BE95-4FE7107952F2}.Debug|Any CPU.Build.0 = Debug|Any CPU
		{E44C056D-0F17-4D50-BE95-4FE7107952F2}.Release|Any CPU.ActiveCfg = Release|Any CPU
		{E44C056D-0F17-4D50-BE95-4FE7107952F2}.Release|Any CPU.Build.0 = Release|Any CPU
		{719718D8-7C8A-41DE-A86A-57CD0BF12734}.Debug|Any CPU.ActiveCfg = Debug|Any CPU
		{719718D8-7C8A-41DE-A86A-57CD0BF12734}.Debug|Any CPU.Build.0 = Debug|Any CPU
		{719718D8-7C8A-41DE-A86A-57CD0BF12734}.Release|Any CPU.ActiveCfg = Release|Any CPU
		{719718D8-7C8A-41DE-A86A-57CD0BF12734}.Release|Any CPU.Build.0 = Release|Any CPU
		{9CF84A3A-42AE-409D-B0C0-2AA922850714}.Debug|Any CPU.ActiveCfg = Debug|Any CPU
		{9CF84A3A-42AE-409D-B0C0-2AA922850714}.Debug|Any CPU.Build.0 = Debug|Any CPU
		{9CF84A3A-42AE-409D-B0C0-2AA922850714}.Release|Any CPU.ActiveCfg = Release|Any CPU
		{9CF84A3A-42AE-409D-B0C0-2AA922850714}.Release|Any CPU.Build.0 = Release|Any CPU
		{1D684B7F-939E-40D8-BE7F-AC1F6DF1EC3F}.Debug|Any CPU.ActiveCfg = Debug|Any CPU
		{1D684B7F-939E-40D8-BE7F-AC1F6DF1EC3F}.Debug|Any CPU.Build.0 = Debug|Any CPU
		{1D684B7F-939E-40D8-BE7F-AC1F6DF1EC3F}.Release|Any CPU.ActiveCfg = Release|Any CPU
		{1D684B7F-939E-40D8-BE7F-AC1F6DF1EC3F}.Release|Any CPU.Build.0 = Release|Any CPU
		{D86F9228-010A-4EFF-87F4-AE71E6EE69AA}.Debug|Any CPU.ActiveCfg = Debug|Any CPU
		{D86F9228-010A-4EFF-87F4-AE71E6EE69AA}.Debug|Any CPU.Build.0 = Debug|Any CPU
		{D86F9228-010A-4EFF-87F4-AE71E6EE69AA}.Release|Any CPU.ActiveCfg = Release|Any CPU
		{D86F9228-010A-4EFF-87F4-AE71E6EE69AA}.Release|Any CPU.Build.0 = Release|Any CPU
		{D2A7CA10-E129-4808-AA1E-F14E29986522}.Debug|Any CPU.ActiveCfg = Debug|Any CPU
		{D2A7CA10-E129-4808-AA1E-F14E29986522}.Debug|Any CPU.Build.0 = Debug|Any CPU
		{D2A7CA10-E129-4808-AA1E-F14E29986522}.Release|Any CPU.ActiveCfg = Release|Any CPU
		{D2A7CA10-E129-4808-AA1E-F14E29986522}.Release|Any CPU.Build.0 = Release|Any CPU
		{5ECBC1C8-710D-4EF9-AC40-16767E016BEA}.Debug|Any CPU.ActiveCfg = Debug|Any CPU
		{5ECBC1C8-710D-4EF9-AC40-16767E016BEA}.Debug|Any CPU.Build.0 = Debug|Any CPU
		{5ECBC1C8-710D-4EF9-AC40-16767E016BEA}.Release|Any CPU.ActiveCfg = Release|Any CPU
		{5ECBC1C8-710D-4EF9-AC40-16767E016BEA}.Release|Any CPU.Build.0 = Release|Any CPU
		{BEA69981-CB21-45F7-BF2C-5DFE7A3CA733}.Debug|Any CPU.ActiveCfg = Debug|Any CPU
		{BEA69981-CB21-45F7-BF2C-5DFE7A3CA733}.Debug|Any CPU.Build.0 = Debug|Any CPU
		{BEA69981-CB21-45F7-BF2C-5DFE7A3CA733}.Release|Any CPU.ActiveCfg = Release|Any CPU
		{BEA69981-CB21-45F7-BF2C-5DFE7A3CA733}.Release|Any CPU.Build.0 = Release|Any CPU
		{538E01F0-363E-4C91-8137-94BCAF424B1B}.Debug|Any CPU.ActiveCfg = Debug|Any CPU
		{538E01F0-363E-4C91-8137-94BCAF424B1B}.Debug|Any CPU.Build.0 = Debug|Any CPU
		{538E01F0-363E-4C91-8137-94BCAF424B1B}.Release|Any CPU.ActiveCfg = Release|Any CPU
		{538E01F0-363E-4C91-8137-94BCAF424B1B}.Release|Any CPU.Build.0 = Release|Any CPU
		{3858E905-8B38-4047-91E3-5062FF3C1D5C}.Debug|Any CPU.ActiveCfg = Debug|Any CPU
		{3858E905-8B38-4047-91E3-5062FF3C1D5C}.Debug|Any CPU.Build.0 = Debug|Any CPU
		{3858E905-8B38-4047-91E3-5062FF3C1D5C}.Release|Any CPU.ActiveCfg = Release|Any CPU
		{3858E905-8B38-4047-91E3-5062FF3C1D5C}.Release|Any CPU.Build.0 = Release|Any CPU
		{E8C55E89-5188-41B9-90AC-5BD723DADEE9}.Debug|Any CPU.ActiveCfg = Debug|Any CPU
		{E8C55E89-5188-41B9-90AC-5BD723DADEE9}.Debug|Any CPU.Build.0 = Debug|Any CPU
		{E8C55E89-5188-41B9-90AC-5BD723DADEE9}.Release|Any CPU.ActiveCfg = Release|Any CPU
		{E8C55E89-5188-41B9-90AC-5BD723DADEE9}.Release|Any CPU.Build.0 = Release|Any CPU
		{4319BF15-1627-4E46-BC53-3EDB00138760}.Debug|Any CPU.ActiveCfg = Debug|Any CPU
		{4319BF15-1627-4E46-BC53-3EDB00138760}.Debug|Any CPU.Build.0 = Debug|Any CPU
		{4319BF15-1627-4E46-BC53-3EDB00138760}.Release|Any CPU.ActiveCfg = Release|Any CPU
		{4319BF15-1627-4E46-BC53-3EDB00138760}.Release|Any CPU.Build.0 = Release|Any CPU
		{7F6AB382-77CE-44AB-B7F0-8CF272571715}.Debug|Any CPU.ActiveCfg = Debug|Any CPU
		{7F6AB382-77CE-44AB-B7F0-8CF272571715}.Debug|Any CPU.Build.0 = Debug|Any CPU
		{7F6AB382-77CE-44AB-B7F0-8CF272571715}.Release|Any CPU.ActiveCfg = Release|Any CPU
		{7F6AB382-77CE-44AB-B7F0-8CF272571715}.Release|Any CPU.Build.0 = Release|Any CPU
		{F072076F-EE03-43EA-8D64-E89F79922E5B}.Debug|Any CPU.ActiveCfg = Debug|Any CPU
		{F072076F-EE03-43EA-8D64-E89F79922E5B}.Debug|Any CPU.Build.0 = Debug|Any CPU
		{F072076F-EE03-43EA-8D64-E89F79922E5B}.Release|Any CPU.ActiveCfg = Release|Any CPU
		{F072076F-EE03-43EA-8D64-E89F79922E5B}.Release|Any CPU.Build.0 = Release|Any CPU
		{6C968CA8-E7F8-4F12-B0E9-411A7BDD1AAF}.Debug|Any CPU.ActiveCfg = Debug|Any CPU
		{6C968CA8-E7F8-4F12-B0E9-411A7BDD1AAF}.Debug|Any CPU.Build.0 = Debug|Any CPU
		{6C968CA8-E7F8-4F12-B0E9-411A7BDD1AAF}.Release|Any CPU.ActiveCfg = Release|Any CPU
		{6C968CA8-E7F8-4F12-B0E9-411A7BDD1AAF}.Release|Any CPU.Build.0 = Release|Any CPU
		{BFCBC03E-0B69-4C4D-BE69-FDA8C679B471}.Debug|Any CPU.ActiveCfg = Debug|Any CPU
		{BFCBC03E-0B69-4C4D-BE69-FDA8C679B471}.Debug|Any CPU.Build.0 = Debug|Any CPU
		{BFCBC03E-0B69-4C4D-BE69-FDA8C679B471}.Release|Any CPU.ActiveCfg = Release|Any CPU
		{BFCBC03E-0B69-4C4D-BE69-FDA8C679B471}.Release|Any CPU.Build.0 = Release|Any CPU
		{DC9AFF0B-1075-4A62-8725-8B74FEF27307}.Debug|Any CPU.ActiveCfg = Debug|Any CPU
		{DC9AFF0B-1075-4A62-8725-8B74FEF27307}.Debug|Any CPU.Build.0 = Debug|Any CPU
		{DC9AFF0B-1075-4A62-8725-8B74FEF27307}.Release|Any CPU.ActiveCfg = Release|Any CPU
		{DC9AFF0B-1075-4A62-8725-8B74FEF27307}.Release|Any CPU.Build.0 = Release|Any CPU
		{4BBBFAE5-9185-4B28-99E4-82B4C4AC44A1}.Debug|Any CPU.ActiveCfg = Debug|Any CPU
		{4BBBFAE5-9185-4B28-99E4-82B4C4AC44A1}.Debug|Any CPU.Build.0 = Debug|Any CPU
		{4BBBFAE5-9185-4B28-99E4-82B4C4AC44A1}.Release|Any CPU.ActiveCfg = Release|Any CPU
		{4BBBFAE5-9185-4B28-99E4-82B4C4AC44A1}.Release|Any CPU.Build.0 = Release|Any CPU
		{5AAA3F6B-36CF-4A35-A97C-F8FF4148912B}.Debug|Any CPU.ActiveCfg = Debug|Any CPU
		{5AAA3F6B-36CF-4A35-A97C-F8FF4148912B}.Debug|Any CPU.Build.0 = Debug|Any CPU
		{5AAA3F6B-36CF-4A35-A97C-F8FF4148912B}.Release|Any CPU.ActiveCfg = Release|Any CPU
		{5AAA3F6B-36CF-4A35-A97C-F8FF4148912B}.Release|Any CPU.Build.0 = Release|Any CPU
	EndGlobalSection
	GlobalSection(SolutionProperties) = preSolution
		HideSolutionNode = FALSE
	EndGlobalSection
	GlobalSection(NestedProjects) = preSolution
		{D23C41D0-AD5C-43C5-8908-475A6BC60618} = {02EA681E-C7D8-13C7-8484-4AC65E1B71E8}
		{E44C056D-0F17-4D50-BE95-4FE7107952F2} = {AF901AEC-2CB7-4BFF-A426-3EF47670B4EB}
		{719718D8-7C8A-41DE-A86A-57CD0BF12734} = {AC9793C5-9FD6-4475-9B66-CE151DF6D77F}
		{9CF84A3A-42AE-409D-B0C0-2AA922850714} = {AC9793C5-9FD6-4475-9B66-CE151DF6D77F}
		{1D684B7F-939E-40D8-BE7F-AC1F6DF1EC3F} = {AC9793C5-9FD6-4475-9B66-CE151DF6D77F}
		{D86F9228-010A-4EFF-87F4-AE71E6EE69AA} = {4E37AC38-D577-4752-BFF4-754A03BD61AB}
		{D2A7CA10-E129-4808-AA1E-F14E29986522} = {4E37AC38-D577-4752-BFF4-754A03BD61AB}
		{5ECBC1C8-710D-4EF9-AC40-16767E016BEA} = {4E37AC38-D577-4752-BFF4-754A03BD61AB}
		{BEA69981-CB21-45F7-BF2C-5DFE7A3CA733} = {551F02A8-3BE7-412B-92D7-F981E592EE84}
		{538E01F0-363E-4C91-8137-94BCAF424B1B} = {551F02A8-3BE7-412B-92D7-F981E592EE84}
		{3858E905-8B38-4047-91E3-5062FF3C1D5C} = {551F02A8-3BE7-412B-92D7-F981E592EE84}
		{E8C55E89-5188-41B9-90AC-5BD723DADEE9} = {FB5C39BA-298B-4D1A-8F47-D4424B7AD6C1}
		{4319BF15-1627-4E46-BC53-3EDB00138760} = {FB5C39BA-298B-4D1A-8F47-D4424B7AD6C1}
		{7F6AB382-77CE-44AB-B7F0-8CF272571715} = {FB5C39BA-298B-4D1A-8F47-D4424B7AD6C1}
		{F072076F-EE03-43EA-8D64-E89F79922E5B} = {A1DE3CB2-62D0-4FB8-8725-5C2E70A87AD8}
		{6C968CA8-E7F8-4F12-B0E9-411A7BDD1AAF} = {A1DE3CB2-62D0-4FB8-8725-5C2E70A87AD8}
		{BFCBC03E-0B69-4C4D-BE69-FDA8C679B471} = {A1DE3CB2-62D0-4FB8-8725-5C2E70A87AD8}
		{DC9AFF0B-1075-4A62-8725-8B74FEF27307} = {19A0A29F-CFB6-4A55-B351-274E3E852127}
		{4BBBFAE5-9185-4B28-99E4-82B4C4AC44A1} = {19A0A29F-CFB6-4A55-B351-274E3E852127}
		{5AAA3F6B-36CF-4A35-A97C-F8FF4148912B} = {19A0A29F-CFB6-4A55-B351-274E3E852127}
	EndGlobalSection
	GlobalSection(ExtensibilityGlobals) = postSolution
		SolutionGuid = {B9732E0D-C4ED-4A6C-A0F4-C29BCE297F44}
	EndGlobalSection
EndGlobal
